
Microsoft Visual Studio Solution File, Format Version 12.00
# Visual Studio Version 17
VisualStudioVersion = 17.3.32922.545
MinimumVisualStudioVersion = 10.0.40219.1
Project("{FAE04EC0-301F-11D3-BF4B-00C04F79EFBC}") = "PowerPositionLoader", "PowerPositionLoader\PowerPositionLoader.csproj", "{D630515C-9540-4337-B81B-A9E19DF154DE}"
EndProject
Project("{FAE04EC0-301F-11D3-BF4B-00C04F79EFBC}") = "PowerPostionLoader.Tests", "PowerPostionLoader.Tests\PowerPostionLoader.Tests.csproj", "{D5522D6E-9CC9-4E37-9C97-44F70F0A4109}"
EndProject
Global
	GlobalSection(SolutionConfigurationPlatforms) = preSolution
		Debug|Any CPU = Debug|Any CPU
		Release|Any CPU = Release|Any CPU
	EndGlobalSection
	GlobalSection(ProjectConfigurationPlatforms) = postSolution
		{D630515C-9540-4337-B81B-A9E19DF154DE}.Debug|Any CPU.ActiveCfg = Debug|Any CPU
		{D630515C-9540-4337-B81B-A9E19DF154DE}.Debug|Any CPU.Build.0 = Debug|Any CPU
		{D630515C-9540-4337-B81B-A9E19DF154DE}.Release|Any CPU.ActiveCfg = Release|Any CPU
		{D630515C-9540-4337-B81B-A9E19DF154DE}.Release|Any CPU.Build.0 = Release|Any CPU
		{D5522D6E-9CC9-4E37-9C97-44F70F0A4109}.Debug|Any CPU.ActiveCfg = Debug|Any CPU
		{D5522D6E-9CC9-4E37-9C97-44F70F0A4109}.Debug|Any CPU.Build.0 = Debug|Any CPU
		{D5522D6E-9CC9-4E37-9C97-44F70F0A4109}.Release|Any CPU.ActiveCfg = Release|Any CPU
		{D5522D6E-9CC9-4E37-9C97-44F70F0A4109}.Release|Any CPU.Build.0 = Release|Any CPU
	EndGlobalSection
	GlobalSection(SolutionProperties) = preSolution
		HideSolutionNode = FALSE
	EndGlobalSection
	GlobalSection(ExtensibilityGlobals) = postSolution
		SolutionGuid = {BB5AF538-1DEF-4C20-B1CF-798C849E710D}
	EndGlobalSection
EndGlobal
